
Microsoft Visual Studio Solution File, Format Version 12.00
# Visual Studio Version 16
VisualStudioVersion = 16.0.31313.79
MinimumVisualStudioVersion = 10.0.40219.1
Project("{9A19103F-16F7-4668-BE54-9A1E7A4F7556}") = "BethanysPieShop", "BethanysPieShop\BethanysPieShop.csproj", "{5949D8AA-662E-4F37-A10A-2DEC806499DB}"
EndProject
Project("{FAE04EC0-301F-11D3-BF4B-00C04F79EFBC}") = "TestProject", "TestProject\TestProject.csproj", "{4D58A294-4618-42E2-9B50-075350EA87E7}"
EndProject
Global
	GlobalSection(SolutionConfigurationPlatforms) = preSolution
		Debug|Any CPU = Debug|Any CPU
		Release|Any CPU = Release|Any CPU
	EndGlobalSection
	GlobalSection(ProjectConfigurationPlatforms) = postSolution
		{5949D8AA-662E-4F37-A10A-2DEC806499DB}.Debug|Any CPU.ActiveCfg = Debug|Any CPU
		{5949D8AA-662E-4F37-A10A-2DEC806499DB}.Debug|Any CPU.Build.0 = Debug|Any CPU
		{5949D8AA-662E-4F37-A10A-2DEC806499DB}.Release|Any CPU.ActiveCfg = Release|Any CPU
		{5949D8AA-662E-4F37-A10A-2DEC806499DB}.Release|Any CPU.Build.0 = Release|Any CPU
		{4D58A294-4618-42E2-9B50-075350EA87E7}.Debug|Any CPU.ActiveCfg = Debug|Any CPU
		{4D58A294-4618-42E2-9B50-075350EA87E7}.Debug|Any CPU.Build.0 = Debug|Any CPU
		{4D58A294-4618-42E2-9B50-075350EA87E7}.Release|Any CPU.ActiveCfg = Release|Any CPU
		{4D58A294-4618-42E2-9B50-075350EA87E7}.Release|Any CPU.Build.0 = Release|Any CPU
	EndGlobalSection
	GlobalSection(SolutionProperties) = preSolution
		HideSolutionNode = FALSE
	EndGlobalSection
	GlobalSection(ExtensibilityGlobals) = postSolution
		SolutionGuid = {BD38ADDF-5227-4DAC-AF49-CCD3478E7F7E}
	EndGlobalSection
EndGlobal
